
Microsoft Visual Studio Solution File, Format Version 12.00
# Visual Studio Version 17
VisualStudioVersion = 17.0.31919.166
MinimumVisualStudioVersion = 10.0.40219.1
Project("{FAE04EC0-301F-11D3-BF4B-00C04F79EFBC}") = "OOP21_task_cSharp", "OOP21_task_cSharp\OOP21_task_cSharp.csproj", "{5397521B-DC8A-40BC-BDBD-D23920AFB373}"
EndProject
Global
	GlobalSection(SolutionConfigurationPlatforms) = preSolution
		Debug|Any CPU = Debug|Any CPU
		Release|Any CPU = Release|Any CPU
	EndGlobalSection
	GlobalSection(ProjectConfigurationPlatforms) = postSolution
		{5397521B-DC8A-40BC-BDBD-D23920AFB373}.Debug|Any CPU.ActiveCfg = Debug|Any CPU
		{5397521B-DC8A-40BC-BDBD-D23920AFB373}.Debug|Any CPU.Build.0 = Debug|Any CPU
		{5397521B-DC8A-40BC-BDBD-D23920AFB373}.Release|Any CPU.ActiveCfg = Release|Any CPU
		{5397521B-DC8A-40BC-BDBD-D23920AFB373}.Release|Any CPU.Build.0 = Release|Any CPU
	EndGlobalSection
	GlobalSection(SolutionProperties) = preSolution
		HideSolutionNode = FALSE
	EndGlobalSection
	GlobalSection(ExtensibilityGlobals) = postSolution
		SolutionGuid = {CF2E316B-7E90-4F05-B43D-BA5EEDB22483}
	EndGlobalSection
EndGlobal
